
Microsoft Visual Studio Solution File, Format Version 12.00
# Visual Studio Version 17
VisualStudioVersion = 17.14.36121.58 d17.14
MinimumVisualStudioVersion = 10.0.40219.1
Project("{FAE04EC0-301F-11D3-BF4B-00C04F79EFBC}") = "ResultPattern.CL", "ResultPattern.CL\ResultPattern.CL.csproj", "{4AF08285-2FCA-44C8-9276-6DB8382E6000}"
EndProject
Global
	GlobalSection(SolutionConfigurationPlatforms) = preSolution
		Debug|Any CPU = Debug|Any CPU
		Release|Any CPU = Release|Any CPU
	EndGlobalSection
	GlobalSection(ProjectConfigurationPlatforms) = postSolution
		{4AF08285-2FCA-44C8-9276-6DB8382E6000}.Debug|Any CPU.ActiveCfg = Debug|Any CPU
		{4AF08285-2FCA-44C8-9276-6DB8382E6000}.Debug|Any CPU.Build.0 = Debug|Any CPU
		{4AF08285-2FCA-44C8-9276-6DB8382E6000}.Release|Any CPU.ActiveCfg = Release|Any CPU
		{4AF08285-2FCA-44C8-9276-6DB8382E6000}.Release|Any CPU.Build.0 = Release|Any CPU
	EndGlobalSection
	GlobalSection(SolutionProperties) = preSolution
		HideSolutionNode = FALSE
	EndGlobalSection
	GlobalSection(ExtensibilityGlobals) = postSolution
		SolutionGuid = {56DC13F3-6A4C-4665-8D70-3D931D9B709E}
	EndGlobalSection
EndGlobal
